
Microsoft Visual Studio Solution File, Format Version 12.00
# Visual Studio Version 17
VisualStudioVersion = 17.0.31903.59
MinimumVisualStudioVersion = 10.0.40219.1
Project("{FAE04EC0-301F-11D3-BF4B-00C04F79EFBC}") = "OpenLayoutDemo", "src\OpenLayoutDemo.csproj", "{3A45AD48-EBF0-4D6E-8E90-E981F7F77405}"
EndProject
Project("{FAE04EC0-301F-11D3-BF4B-00C04F79EFBC}") = "OpenLayoutDemo.Dependencies", "dependencies\OpenLayoutDemo.Dependencies.csproj", "{DC7211CB-BA5E-4B98-9431-53CC2E870C1F}"
EndProject
Project("{FAE04EC0-301F-11D3-BF4B-00C04F79EFBC}") = "OpenLayoutDemo.Tests", "test\OpenLayoutDemo.Tests.csproj", "{87E16775-0581-4A41-8708-2CD0EBFEC398}"
EndProject
Global
	GlobalSection(SolutionConfigurationPlatforms) = preSolution
		Debug|Any CPU = Debug|Any CPU
		Release|Any CPU = Release|Any CPU
	EndGlobalSection
	GlobalSection(SolutionProperties) = preSolution
		HideSolutionNode = FALSE
	EndGlobalSection
	GlobalSection(ProjectConfigurationPlatforms) = postSolution
		{3A45AD48-EBF0-4D6E-8E90-E981F7F77405}.Debug|Any CPU.ActiveCfg = Debug|Any CPU
		{3A45AD48-EBF0-4D6E-8E90-E981F7F77405}.Debug|Any CPU.Build.0 = Debug|Any CPU
		{3A45AD48-EBF0-4D6E-8E90-E981F7F77405}.Release|Any CPU.ActiveCfg = Release|Any CPU
		{3A45AD48-EBF0-4D6E-8E90-E981F7F77405}.Release|Any CPU.Build.0 = Release|Any CPU
		{DC7211CB-BA5E-4B98-9431-53CC2E870C1F}.Debug|Any CPU.ActiveCfg = Debug|Any CPU
		{DC7211CB-BA5E-4B98-9431-53CC2E870C1F}.Debug|Any CPU.Build.0 = Debug|Any CPU
		{DC7211CB-BA5E-4B98-9431-53CC2E870C1F}.Release|Any CPU.ActiveCfg = Release|Any CPU
		{DC7211CB-BA5E-4B98-9431-53CC2E870C1F}.Release|Any CPU.Build.0 = Release|Any CPU
		{87E16775-0581-4A41-8708-2CD0EBFEC398}.Debug|Any CPU.ActiveCfg = Debug|Any CPU
		{87E16775-0581-4A41-8708-2CD0EBFEC398}.Debug|Any CPU.Build.0 = Debug|Any CPU
		{87E16775-0581-4A41-8708-2CD0EBFEC398}.Release|Any CPU.ActiveCfg = Release|Any CPU
		{87E16775-0581-4A41-8708-2CD0EBFEC398}.Release|Any CPU.Build.0 = Release|Any CPU
	EndGlobalSection
EndGlobal
